
Microsoft Visual Studio Solution File, Format Version 12.00
# Visual Studio Version 17
VisualStudioVersion = 17.4.33103.184
MinimumVisualStudioVersion = 10.0.40219.1
Project("{FAE04EC0-301F-11D3-BF4B-00C04F79EFBC}") = "Asp.netcore-jwt1", "Asp.netcore-jwt1.csproj", "{6F8AD573-670F-4B0B-8863-5E731D3DCDA7}"
EndProject
Global
	GlobalSection(SolutionConfigurationPlatforms) = preSolution
		Debug|Any CPU = Debug|Any CPU
		Release|Any CPU = Release|Any CPU
	EndGlobalSection
	GlobalSection(ProjectConfigurationPlatforms) = postSolution
		{6F8AD573-670F-4B0B-8863-5E731D3DCDA7}.Debug|Any CPU.ActiveCfg = Debug|Any CPU
		{6F8AD573-670F-4B0B-8863-5E731D3DCDA7}.Debug|Any CPU.Build.0 = Debug|Any CPU
		{6F8AD573-670F-4B0B-8863-5E731D3DCDA7}.Release|Any CPU.ActiveCfg = Release|Any CPU
		{6F8AD573-670F-4B0B-8863-5E731D3DCDA7}.Release|Any CPU.Build.0 = Release|Any CPU
	EndGlobalSection
	GlobalSection(SolutionProperties) = preSolution
		HideSolutionNode = FALSE
	EndGlobalSection
	GlobalSection(ExtensibilityGlobals) = postSolution
		SolutionGuid = {8EF9498A-32DD-408D-98C3-95B28EED7A89}
	EndGlobalSection
EndGlobal
